
Microsoft Visual Studio Solution File, Format Version 12.00
# Visual Studio Version 16
VisualStudioVersion = 16.0.810.22
MinimumVisualStudioVersion = 10.0.40219.1
Project("{FAE04EC0-301F-11D3-BF4B-00C04F79EFBC}") = "MovieStoreApp.MVC", "MovieStoreApp.MVC\MovieStoreApp.MVC.csproj", "{FE3F77BA-CF26-4949-9966-2EDF89CE1E0E}"
EndProject
Project("{FAE04EC0-301F-11D3-BF4B-00C04F79EFBC}") = "MovieStoreApp.Infrastructure", "MovieStoreApp.Infrastructure\MovieStoreApp.Infrastructure.csproj", "{98426F39-D8E9-4627-9109-61C1B719E1CC}"
EndProject
Project("{FAE04EC0-301F-11D3-BF4B-00C04F79EFBC}") = "MovieStoreApp.Core", "MovieStoreApp.Core\MovieStoreApp.Core.csproj", "{C8663D39-430E-4603-9ABE-16AFA2927403}"
EndProject
Global
	GlobalSection(SolutionConfigurationPlatforms) = preSolution
		Debug|Any CPU = Debug|Any CPU
		Release|Any CPU = Release|Any CPU
	EndGlobalSection
	GlobalSection(ProjectConfigurationPlatforms) = postSolution
		{FE3F77BA-CF26-4949-9966-2EDF89CE1E0E}.Debug|Any CPU.ActiveCfg = Debug|Any CPU
		{FE3F77BA-CF26-4949-9966-2EDF89CE1E0E}.Debug|Any CPU.Build.0 = Debug|Any CPU
		{FE3F77BA-CF26-4949-9966-2EDF89CE1E0E}.Release|Any CPU.ActiveCfg = Release|Any CPU
		{FE3F77BA-CF26-4949-9966-2EDF89CE1E0E}.Release|Any CPU.Build.0 = Release|Any CPU
		{98426F39-D8E9-4627-9109-61C1B719E1CC}.Debug|Any CPU.ActiveCfg = Debug|Any CPU
		{98426F39-D8E9-4627-9109-61C1B719E1CC}.Debug|Any CPU.Build.0 = Debug|Any CPU
		{98426F39-D8E9-4627-9109-61C1B719E1CC}.Release|Any CPU.ActiveCfg = Release|Any CPU
		{98426F39-D8E9-4627-9109-61C1B719E1CC}.Release|Any CPU.Build.0 = Release|Any CPU
		{C8663D39-430E-4603-9ABE-16AFA2927403}.Debug|Any CPU.ActiveCfg = Debug|Any CPU
		{C8663D39-430E-4603-9ABE-16AFA2927403}.Debug|Any CPU.Build.0 = Debug|Any CPU
		{C8663D39-430E-4603-9ABE-16AFA2927403}.Release|Any CPU.ActiveCfg = Release|Any CPU
		{C8663D39-430E-4603-9ABE-16AFA2927403}.Release|Any CPU.Build.0 = Release|Any CPU
	EndGlobalSection
	GlobalSection(SolutionProperties) = preSolution
		HideSolutionNode = FALSE
	EndGlobalSection
	GlobalSection(ExtensibilityGlobals) = postSolution
		SolutionGuid = {7B53E06E-B6B0-40AB-A129-622F7C1BB791}
	EndGlobalSection
EndGlobal
